
Microsoft Visual Studio Solution File, Format Version 12.00
# Visual Studio Version 17
VisualStudioVersion = 17.13.35919.96 d17.13
MinimumVisualStudioVersion = 10.0.40219.1
Project("{FAE04EC0-301F-11D3-BF4B-00C04F79EFBC}") = "azure-app-teeson", "azure-app-teeson.csproj", "{AA1B5595-9559-A85D-D25F-A42217E8FDB2}"
EndProject
Global
	GlobalSection(SolutionConfigurationPlatforms) = preSolution
		Debug|Any CPU = Debug|Any CPU
		Release|Any CPU = Release|Any CPU
	EndGlobalSection
	GlobalSection(ProjectConfigurationPlatforms) = postSolution
		{AA1B5595-9559-A85D-D25F-A42217E8FDB2}.Debug|Any CPU.ActiveCfg = Debug|Any CPU
		{AA1B5595-9559-A85D-D25F-A42217E8FDB2}.Debug|Any CPU.Build.0 = Debug|Any CPU
		{AA1B5595-9559-A85D-D25F-A42217E8FDB2}.Release|Any CPU.ActiveCfg = Release|Any CPU
		{AA1B5595-9559-A85D-D25F-A42217E8FDB2}.Release|Any CPU.Build.0 = Release|Any CPU
	EndGlobalSection
	GlobalSection(SolutionProperties) = preSolution
		HideSolutionNode = FALSE
	EndGlobalSection
	GlobalSection(ExtensibilityGlobals) = postSolution
		SolutionGuid = {59C0C73A-3D17-42EC-BA65-9523819714F6}
	EndGlobalSection
EndGlobal
